<?xml version="1.0" encoding="utf-8"?>
<Project ToolsVersion="4.0" xmlns="http://schemas.microsoft.com/developer/msbuild/2003">
  <ItemGroup>
    <Filter Include="Source Files">
      <UniqueIdentifier>{4FC737F1-C7A5-4376-A066-2A32D752A2FF}</UniqueIdentifier>
      <Extensions>cpp;c;cc;cxx;def;odl;idl;hpj;bat;asm;asmx</Extensions>
    </Filter>
    <Filter Include="Header Files">
      <UniqueIdentifier>{93995380-89BD-4b04-88EB-625FBE52EBFB}</UniqueIdentifier>
      <Extensions>h;hh;hpp;hxx;hm;inl;inc;xsd</Extensions>
    </Filter>
    <Filter Include="Resource Files">
      <UniqueIdentifier>{67DA6AB6-F800-4c08-8B7A-83BB121AAD01}</UniqueIdentifier>
      <Extensions>rc;ico;cur;bmp;dlg;rc2;rct;bin;rgs;gif;jpg;jpeg;jpe;resx;tiff;tif;png;wav;mfcribbon-ms</Extensions>
    </Filter>
  </ItemGroup>
  <ItemGroup>
    <ClCompile Include="lang\lang.cpp">
      <Filter>Source Files</Filter>
    </ClCompile>
    <ClCompile Include="pandoraGS.cpp">
      <Filter>Source Files</Filter>
    </ClCompile>
    <ClCompile Include="config\config.cpp">
      <Filter>Source Files</Filter>
    </ClCompile>
    <ClCompile Include="config\config_profile.cpp">
      <Filter>Source Files</Filter>
    </ClCompile>
    <ClCompile Include="config\models\config_io.cpp">
      <Filter>Source Files</Filter>
    </ClCompile>
    <ClCompile Include="config\controllers\about_dialog.cpp">
      <Filter>Source Files</Filter>
    </ClCompile>
    <ClCompile Include="config\controllers\config_dialog.cpp">
      <Filter>Source Files</Filter>
    </ClCompile>
    <ClCompile Include="config\controllers\config_page.cpp">
      <Filter>Source Files</Filter>
    </ClCompile>
    <ClCompile Include="config\controllers\config_page_general.cpp">
      <Filter>Source Files</Filter>
    </ClCompile>
    <ClCompile Include="config\controllers\config_page_manager.cpp">
      <Filter>Source Files</Filter>
    </ClCompile>
    <ClCompile Include="config\controllers\config_page_profile.cpp">
      <Filter>Source Files</Filter>
    </ClCompile>
    <ClCompile Include="gpu_main.cpp">
      <Filter>Source Files</Filter>
    </ClCompile>
    <ClCompile Include="gpu_zinc.cpp">
      <Filter>Source Files</Filter>
    </ClCompile>
    <ClCompile Include="config\views\qt\about_dialog_qtview.cpp">
      <Filter>Source Files</Filter>
    </ClCompile>
    <ClCompile Include="config\views\qt\config_dialog_qtview.cpp">
      <Filter>Source Files</Filter>
    </ClCompile>
    <ClCompile Include="config\views\qt\config_page_qtview.cpp">
      <Filter>Source Files</Filter>
    </ClCompile>
    <ClCompile Include="config\views\qt\config_pgeneral_qtview.cpp">
      <Filter>Source Files</Filter>
    </ClCompile>
    <ClCompile Include="config\views\qt\config_pmanager_qtview.cpp">
      <Filter>Source Files</Filter>
    </ClCompile>
    <ClCompile Include="config\views\qt\config_pprofile_qtview.cpp">
      <Filter>Source Files</Filter>
    </ClCompile>
    <ClCompile Include="config\views\win\about_dialog_winview.cpp">
      <Filter>Source Files</Filter>
    </ClCompile>
    <ClCompile Include="config\views\win\config_dialog_winview.cpp">
      <Filter>Source Files</Filter>
    </ClCompile>
    <ClCompile Include="config\views\win\config_page_winview.cpp">
      <Filter>Source Files</Filter>
    </ClCompile>
    <ClCompile Include="config\views\win\config_pgeneral_winview.cpp">
      <Filter>Source Files</Filter>
    </ClCompile>
    <ClCompile Include="config\views\win\config_pmanager_winview.cpp">
      <Filter>Source Files</Filter>
    </ClCompile>
    <ClCompile Include="config\views\win\config_pprofile_winview.cpp">
      <Filter>Source Files</Filter>
    </ClCompile>
    <ClCompile Include="config\views\win\win_toolbox.cpp">
      <Filter>Source Files</Filter>
    </ClCompile>
    <ClCompile Include="utils\timer.cpp">
      <Filter>Source Files</Filter>
    </ClCompile>
    <ClCompile Include="utils\logger.cpp">
      <Filter>Source Files</Filter>
    </ClCompile>
    <ClCompile Include="utils\input_reader.cpp">
      <Filter>Source Files</Filter>
    </ClCompile>
    <ClCompile Include="memory\video_memory.cpp">
      <Filter>Source Files</Filter>
    </ClCompile>
    <ClCompile Include="render\shader\shader.cpp">
      <Filter>Source Files</Filter>
    </ClCompile>
    <ClCompile Include="utils\system_tools.cpp">
      <Filter>Source Files</Filter>
    </ClCompile>
    <ClCompile Include="memory\status_register.cpp">
      <Filter>Source Files</Filter>
    </ClCompile>
    <ClCompile Include="utils\unit_tests.cpp">
      <Filter>Source Files</Filter>
    </ClCompile>
    <ClCompile Include="render\primitive_builder.cpp">
      <Filter>Source Files</Filter>
    </ClCompile>
    <ClCompile Include="dispatcher.cpp">
      <Filter>Source Files</Filter>
    </ClCompile>
    <ClCompile Include="render\display_state.cpp">
      <Filter>Source Files</Filter>
    </ClCompile>
    <ClCompile Include="render\engine.cpp">
      <Filter>Source Files</Filter>
    </ClCompile>
  </ItemGroup>
  <ItemGroup>
    <ClInclude Include="globals.h">
      <Filter>Header Files</Filter>
    </ClInclude>
    <ClInclude Include="lang\lang.h">
      <Filter>Header Files</Filter>
    </ClInclude>
    <ClInclude Include="pandoraGS.h">
      <Filter>Header Files</Filter>
    </ClInclude>
    <ClInclude Include="config\config.h">
      <Filter>Header Files</Filter>
    </ClInclude>
    <ClInclude Include="config\config_profile.h">
      <Filter>Header Files</Filter>
    </ClInclude>
    <ClInclude Include="config\models\config_io.h">
      <Filter>Header Files</Filter>
    </ClInclude>
    <ClInclude Include="config\controllers\about_dialog.h">
      <Filter>Header Files</Filter>
    </ClInclude>
    <ClInclude Include="config\controllers\config_dialog.h">
      <Filter>Header Files</Filter>
    </ClInclude>
    <ClInclude Include="config\controllers\config_page.h">
      <Filter>Header Files</Filter>
    </ClInclude>
    <ClInclude Include="config\controllers\config_page_general.h">
      <Filter>Header Files</Filter>
    </ClInclude>
    <ClInclude Include="config\controllers\config_page_manager.h">
      <Filter>Header Files</Filter>
    </ClInclude>
    <ClInclude Include="config\controllers\config_page_profile.h">
      <Filter>Header Files</Filter>
    </ClInclude>
    <ClInclude Include="resource.h">
      <Filter>Header Files</Filter>
    </ClInclude>
    <ClInclude Include="pandoraGS_targetver.h">
      <Filter>Header Files</Filter>
    </ClInclude>
    <ClInclude Include="config\models\registry_io.hpp">
      <Filter>Header Files</Filter>
    </ClInclude>
    <ClInclude Include="gpu_main.h">
      <Filter>Header Files</Filter>
    </ClInclude>
    <ClInclude Include="config\views\qt\about_dialog_qtview.h">
      <Filter>Header Files</Filter>
    </ClInclude>
    <ClInclude Include="config\views\qt\config_dialog_qtview.h">
      <Filter>Header Files</Filter>
    </ClInclude>
    <ClInclude Include="config\views\qt\config_page_qtview.h">
      <Filter>Header Files</Filter>
    </ClInclude>
    <ClInclude Include="config\views\qt\config_pgeneral_qtview.h">
      <Filter>Header Files</Filter>
    </ClInclude>
    <ClInclude Include="config\views\qt\config_pmanager_qtview.h">
      <Filter>Header Files</Filter>
    </ClInclude>
    <ClInclude Include="config\views\qt\config_pprofile_qtview.h">
      <Filter>Header Files</Filter>
    </ClInclude>
    <ClInclude Include="config\views\win\about_dialog_winview.h">
      <Filter>Header Files</Filter>
    </ClInclude>
    <ClInclude Include="config\views\win\config_dialog_winview.h">
      <Filter>Header Files</Filter>
    </ClInclude>
    <ClInclude Include="config\views\win\config_page_winview.h">
      <Filter>Header Files</Filter>
    </ClInclude>
    <ClInclude Include="config\views\win\config_pgeneral_winview.h">
      <Filter>Header Files</Filter>
    </ClInclude>
    <ClInclude Include="config\views\win\config_pmanager_winview.h">
      <Filter>Header Files</Filter>
    </ClInclude>
    <ClInclude Include="config\views\win\config_pprofile_winview.h">
      <Filter>Header Files</Filter>
    </ClInclude>
    <ClInclude Include="config\views\win\win_toolbox.hpp">
      <Filter>Header Files</Filter>
    </ClInclude>
    <ClInclude Include="utils\timer.h">
      <Filter>Header Files</Filter>
    </ClInclude>
    <ClInclude Include="utils\logger.h">
      <Filter>Header Files</Filter>
    </ClInclude>
    <ClInclude Include="utils\input_reader.h">
      <Filter>Header Files</Filter>
    </ClInclude>
    <ClInclude Include="memory\video_memory.h">
      <Filter>Header Files</Filter>
    </ClInclude>
    <ClInclude Include="render\shader\shader.h">
      <Filter>Header Files</Filter>
    </ClInclude>
    <ClInclude Include="memory\video_memory_iterator.hpp">
      <Filter>Header Files</Filter>
    </ClInclude>
    <ClInclude Include="utils\geometry.hpp">
      <Filter>Header Files</Filter>
    </ClInclude>
    <ClInclude Include="utils\system_tools.h">
      <Filter>Header Files</Filter>
    </ClInclude>
    <ClInclude Include="memory\status_register.h">
      <Filter>Header Files</Filter>
    </ClInclude>
    <ClInclude Include="utils\unit_tests.h">
      <Filter>Header Files</Filter>
    </ClInclude>
    <ClInclude Include="render\primitive_builder.h">
      <Filter>Header Files</Filter>
    </ClInclude>
    <ClInclude Include="dispatcher.h">
      <Filter>Header Files</Filter>
    </ClInclude>
    <ClInclude Include="render\display_state.h">
      <Filter>Header Files</Filter>
    </ClInclude>
    <ClInclude Include="render\engine.h">
      <Filter>Header Files</Filter>
    </ClInclude>
    <ClInclude Include="render\opengl.h">
      <Filter>Header Files</Filter>
    </ClInclude>
  </ItemGroup>
  <ItemGroup>
    <None Include="pandoraGS.def">
      <Filter>Source Files</Filter>
    </None>
    <None Include="res\pandoraGS.rc2">
      <Filter>Resource Files</Filter>
    </None>
  </ItemGroup>
  <ItemGroup>
    <ResourceCompile Include="pandoraGS.rc">
      <Filter>Resource Files</Filter>
    </ResourceCompile>
  </ItemGroup>
</Project>